// !$*UTF8*$!
{
	archiveVersion = 1;
	classes = {
	};
	objectVersion = 46;
	objects = {

/* Begin PBXBuildFile section */
		4DC2CE6916C0968200E087E6 /* cl-helper.c in Sources */ = {isa = PBXBuildFile; fileRef = 4DC2CE6416C0968200E087E6 /* cl-helper.c */; };
		4DC2CE6A16C0968200E087E6 /* main.c in Sources */ = {isa = PBXBuildFile; fileRef = 4DC2CE6616C0968200E087E6 /* main.c */; };
		4DC2CE6C16C0969C00E087E6 /* GLUT.framework in Frameworks */ = {isa = PBXBuildFile; fileRef = 4DC2CE6B16C0969C00E087E6 /* GLUT.framework */; };
		4DC2CE6F16C096A400E087E6 /* OpenCL.framework in Frameworks */ = {isa = PBXBuildFile; fileRef = 4DC2CE6D16C096A400E087E6 /* OpenCL.framework */; };
		4DC2CE7016C096A400E087E6 /* OpenGL.framework in Frameworks */ = {isa = PBXBuildFile; fileRef = 4DC2CE6E16C096A400E087E6 /* OpenGL.framework */; };
/* End PBXBuildFile section */

/* Begin PBXCopyFilesBuildPhase section */
		4DE861FB16C0962A00ADE41A /* CopyFiles */ = {
			isa = PBXCopyFilesBuildPhase;
			buildActionMask = 2147483647;
			dstPath = /usr/share/man/man1/;
			dstSubfolderSpec = 0;
			files = (
			);
			runOnlyForDeploymentPostprocessing = 1;
		};
/* End PBXCopyFilesBuildPhase section */

/* Begin PBXFileReference section */
		4DC2CE6316C0968200E087E6 /* cl_solver.h */ = {isa = PBXFileReference; fileEncoding = 4; lastKnownFileType = sourcecode.c.h; name = cl_solver.h; path = ../../cl_solver.h; sourceTree = "<group>"; };
		4DC2CE6416C0968200E087E6 /* cl-helper.c */ = {isa = PBXFileReference; fileEncoding = 4; lastKnownFileType = sourcecode.c.c; name = "cl-helper.c"; path = "../../cl-helper.c"; sourceTree = "<group>"; };
		4DC2CE6516C0968200E087E6 /* cl-helper.h */ = {isa = PBXFileReference; fileEncoding = 4; lastKnownFileType = sourcecode.c.h; name = "cl-helper.h"; path = "../../cl-helper.h"; sourceTree = "<group>"; };
		4DC2CE6616C0968200E087E6 /* main.c */ = {isa = PBXFileReference; fileEncoding = 4; lastKnownFileType = sourcecode.c.c; name = main.c; path = ../../main.c; sourceTree = "<group>"; };
		4DC2CE6716C0968200E087E6 /* second_order_solver.h */ = {isa = PBXFileReference; fileEncoding = 4; lastKnownFileType = sourcecode.c.h; name = second_order_solver.h; path = ../../second_order_solver.h; sourceTree = "<group>"; };
		4DC2CE6816C0968200E087E6 /* timing.h */ = {isa = PBXFileReference; fileEncoding = 4; lastKnownFileType = sourcecode.c.h; name = timing.h; path = ../../timing.h; sourceTree = "<group>"; };
		4DC2CE6B16C0969C00E087E6 /* GLUT.framework */ = {isa = PBXFileReference; lastKnownFileType = wrapper.framework; name = GLUT.framework; path = System/Library/Frameworks/GLUT.framework; sourceTree = SDKROOT; };
		4DC2CE6D16C096A400E087E6 /* OpenCL.framework */ = {isa = PBXFileReference; lastKnownFileType = wrapper.framework; name = OpenCL.framework; path = System/Library/Frameworks/OpenCL.framework; sourceTree = SDKROOT; };
		4DC2CE6E16C096A400E087E6 /* OpenGL.framework */ = {isa = PBXFileReference; lastKnownFileType = wrapper.framework; name = OpenGL.framework; path = System/Library/Frameworks/OpenGL.framework; sourceTree = SDKROOT; };
		4DE861FD16C0962A00ADE41A /* OpenCLFluids */ = {isa = PBXFileReference; explicitFileType = "compiled.mach-o.executable"; includeInIndex = 0; path = OpenCLFluids; sourceTree = BUILT_PRODUCTS_DIR; };
/* End PBXFileReference section */

/* Begin PBXFrameworksBuildPhase section */
		4DE861FA16C0962A00ADE41A /* Frameworks */ = {
			isa = PBXFrameworksBuildPhase;
			buildActionMask = 2147483647;
			files = (
				4DC2CE6F16C096A400E087E6 /* OpenCL.framework in Frameworks */,
				4DC2CE7016C096A400E087E6 /* OpenGL.framework in Frameworks */,
				4DC2CE6C16C0969C00E087E6 /* GLUT.framework in Frameworks */,
			);
			runOnlyForDeploymentPostprocessing = 0;
		};
/* End PBXFrameworksBuildPhase section */

/* Begin PBXGroup section */
		4DE861F216C0962A00ADE41A = {
			isa = PBXGroup;
			children = (
				4DC2CE6D16C096A400E087E6 /* OpenCL.framework */,
				4DC2CE6E16C096A400E087E6 /* OpenGL.framework */,
				4DC2CE6B16C0969C00E087E6 /* GLUT.framework */,
				4DE8620016C0962A00ADE41A /* OpenCLFluids */,
				4DE861FE16C0962A00ADE41A /* Products */,
			);
			sourceTree = "<group>";
		};
		4DE861FE16C0962A00ADE41A /* Products */ = {
			isa = PBXGroup;
			children = (
				4DE861FD16C0962A00ADE41A /* OpenCLFluids */,
			);
			name = Products;
			sourceTree = "<group>";
		};
		4DE8620016C0962A00ADE41A /* OpenCLFluids */ = {
			isa = PBXGroup;
			children = (
				4DC2CE6316C0968200E087E6 /* cl_solver.h */,
				4DC2CE6416C0968200E087E6 /* cl-helper.c */,
				4DC2CE6516C0968200E087E6 /* cl-helper.h */,
				4DC2CE6616C0968200E087E6 /* main.c */,
				4DC2CE6716C0968200E087E6 /* second_order_solver.h */,
				4DC2CE6816C0968200E087E6 /* timing.h */,
			);
			path = OpenCLFluids;
			sourceTree = "<group>";
		};
/* End PBXGroup section */

/* Begin PBXNativeTarget section */
		4DE861FC16C0962A00ADE41A /* OpenCLFluids */ = {
			isa = PBXNativeTarget;
			buildConfigurationList = 4DE8620716C0962A00ADE41A /* Build configuration list for PBXNativeTarget "OpenCLFluids" */;
			buildPhases = (
				4DE861F916C0962A00ADE41A /* Sources */,
				4DE861FA16C0962A00ADE41A /* Frameworks */,
				4DE861FB16C0962A00ADE41A /* CopyFiles */,
			);
			buildRules = (
			);
			dependencies = (
			);
			name = OpenCLFluids;
			productName = OpenCLFluids;
			productReference = 4DE861FD16C0962A00ADE41A /* OpenCLFluids */;
			productType = "com.apple.product-type.tool";
		};
/* End PBXNativeTarget section */

/* Begin PBXProject section */
		4DE861F416C0962A00ADE41A /* Project object */ = {
			isa = PBXProject;
			attributes = {
				LastUpgradeCheck = 0450;
				ORGANIZATIONNAME = "Kristofer Schlachter";
			};
			buildConfigurationList = 4DE861F716C0962A00ADE41A /* Build configuration list for PBXProject "OpenCLFluids" */;
			compatibilityVersion = "Xcode 3.2";
			developmentRegion = English;
			hasScannedForEncodings = 0;
			knownRegions = (
				en,
			);
			mainGroup = 4DE861F216C0962A00ADE41A;
			productRefGroup = 4DE861FE16C0962A00ADE41A /* Products */;
			projectDirPath = "";
			projectRoot = "";
			targets = (
				4DE861FC16C0962A00ADE41A /* OpenCLFluids */,
			);
		};
/* End PBXProject section */

/* Begin PBXSourcesBuildPhase section */
		4DE861F916C0962A00ADE41A /* Sources */ = {
			isa = PBXSourcesBuildPhase;
			buildActionMask = 2147483647;
			files = (
				4DC2CE6916C0968200E087E6 /* cl-helper.c in Sources */,
				4DC2CE6A16C0968200E087E6 /* main.c in Sources */,
			);
			runOnlyForDeploymentPostprocessing = 0;
		};
/* End PBXSourcesBuildPhase section */

/* Begin XCBuildConfiguration section */
		4DE8620516C0962A00ADE41A /* Debug */ = {
			isa = XCBuildConfiguration;
			buildSettings = {
				ALWAYS_SEARCH_USER_PATHS = NO;
				ARCHS = "$(ARCHS_STANDARD_64_BIT)";
				CLANG_CXX_LANGUAGE_STANDARD = "gnu++0x";
				CLANG_CXX_LIBRARY = "libc++";
				CLANG_WARN_EMPTY_BODY = YES;
				CLANG_WARN__DUPLICATE_METHOD_MATCH = YES;
				COPY_PHASE_STRIP = NO;
				GCC_C_LANGUAGE_STANDARD = gnu99;
				GCC_DYNAMIC_NO_PIC = NO;
				GCC_ENABLE_OBJC_EXCEPTIONS = YES;
				GCC_OPTIMIZATION_LEVEL = 0;
				GCC_PREPROCESSOR_DEFINITIONS = (
					"DEBUG=1",
					"$(inherited)",
				);
				GCC_SYMBOLS_PRIVATE_EXTERN = NO;
				GCC_WARN_64_TO_32_BIT_CONVERSION = YES;
				GCC_WARN_ABOUT_RETURN_TYPE = YES;
				GCC_WARN_UNINITIALIZED_AUTOS = YES;
				GCC_WARN_UNUSED_VARIABLE = YES;
				MACOSX_DEPLOYMENT_TARGET = 10.7;
				ONLY_ACTIVE_ARCH = YES;
				SDKROOT = macosx;
			};
			name = Debug;
		};
		4DE8620616C0962A00ADE41A /* Release */ = {
			isa = XCBuildConfiguration;
			buildSettings = {
				ALWAYS_SEARCH_USER_PATHS = NO;
				ARCHS = "$(ARCHS_STANDARD_64_BIT)";
				CLANG_CXX_LANGUAGE_STANDARD = "gnu++0x";
				CLANG_CXX_LIBRARY = "libc++";
				CLANG_WARN_EMPTY_BODY = YES;
				CLANG_WARN__DUPLICATE_METHOD_MATCH = YES;
				COPY_PHASE_STRIP = YES;
				DEBUG_INFORMATION_FORMAT = "dwarf-with-dsym";
				GCC_C_LANGUAGE_STANDARD = gnu99;
				GCC_ENABLE_OBJC_EXCEPTIONS = YES;
				GCC_WARN_64_TO_32_BIT_CONVERSION = YES;
				GCC_WARN_ABOUT_RETURN_TYPE = YES;
				GCC_WARN_UNINITIALIZED_AUTOS = YES;
				GCC_WARN_UNUSED_VARIABLE = YES;
				MACOSX_DEPLOYMENT_TARGET = 10.7;
				SDKROOT = macosx;
			};
			name = Release;
		};
		4DE8620816C0962A00ADE41A /* Debug */ = {
			isa = XCBuildConfiguration;
			buildSettings = {
				PRODUCT_NAME = "$(TARGET_NAME)";
			};
			name = Debug;
		};
		4DE8620916C0962A00ADE41A /* Release */ = {
			isa = XCBuildConfiguration;
			buildSettings = {
				PRODUCT_NAME = "$(TARGET_NAME)";
			};
			name = Release;
		};
/* End XCBuildConfiguration section */

/* Begin XCConfigurationList section */
		4DE861F716C0962A00ADE41A /* Build configuration list for PBXProject "OpenCLFluids" */ = {
			isa = XCConfigurationList;
			buildConfigurations = (
				4DE8620516C0962A00ADE41A /* Debug */,
				4DE8620616C0962A00ADE41A /* Release */,
			);
			defaultConfigurationIsVisible = 0;
			defaultConfigurationName = Release;
		};
		4DE8620716C0962A00ADE41A /* Build configuration list for PBXNativeTarget "OpenCLFluids" */ = {
			isa = XCConfigurationList;
			buildConfigurations = (
				4DE8620816C0962A00ADE41A /* Debug */,
				4DE8620916C0962A00ADE41A /* Release */,
			);
			defaultConfigurationIsVisible = 0;
			defaultConfigurationName = Release;
		};
/* End XCConfigurationList section */
	};
	rootObject = 4DE861F416C0962A00ADE41A /* Project object */;
}
